
Microsoft Visual Studio Solution File, Format Version 12.00
# Visual Studio 14
VisualStudioVersion = 14.0.25420.1
MinimumVisualStudioVersion = 10.0.40219.1
Project("{FAE04EC0-301F-11D3-BF4B-00C04F79EFBC}") = "MarkdownMemo", "MarkdownMemo\MarkdownMemo.csproj", "{676A4386-3EF4-49CD-92D8-A2D16A72D424}"
EndProject
Project("{FAE04EC0-301F-11D3-BF4B-00C04F79EFBC}") = "MarkdownMemo.Model", "MarkdownMemo.Model\MarkdownMemo.Model.csproj", "{B0D462DB-59CF-4B01-A693-193F55030448}"
EndProject
Project("{FAE04EC0-301F-11D3-BF4B-00C04F79EFBC}") = "My.Common", "My.Common\My.Common.csproj", "{FED0C759-F1B5-4945-9BBB-2D2D821E8C4B}"
EndProject
Project("{FAE04EC0-301F-11D3-BF4B-00C04F79EFBC}") = "MarkdownMemo.ViewModel", "MarkdownMemo.ViewModel\MarkdownMemo.ViewModel.csproj", "{4E416AB4-64DF-4380-A2D6-F9C6D1420D5E}"
EndProject
Project("{FAE04EC0-301F-11D3-BF4B-00C04F79EFBC}") = "My.Mvvm", "My.Mvvm\My.Mvvm.csproj", "{CB8F5BA9-28AE-4584-8320-040677A1570E}"
EndProject
Project("{2150E333-8FDC-42A3-9474-1A3956D46DE8}") = ".nuget", ".nuget", "{3006E6E6-1387-473A-A531-0E8AA17CFCD4}"
	ProjectSection(SolutionItems) = preProject
		.nuget\NuGet.Config = .nuget\NuGet.Config
		.nuget\NuGet.exe = .nuget\NuGet.exe
		.nuget\NuGet.targets = .nuget\NuGet.targets
	EndProjectSection
EndProject
Project("{FAE04EC0-301F-11D3-BF4B-00C04F79EFBC}") = "GistsApi", "GistApi\GistsApi.csproj", "{D5758ADE-8947-47B5-AE06-3E11DAEBAD06}"
EndProject
Project("{FAE04EC0-301F-11D3-BF4B-00C04F79EFBC}") = "Markdown-Hexo", "Markdown-Hexo\Markdown-Hexo.csproj", "{69000332-E6FE-4B16-A21F-465365AB9661}"
EndProject
Global
	GlobalSection(SolutionConfigurationPlatforms) = preSolution
		Debug|Any CPU = Debug|Any CPU
		Debug|Mixed Platforms = Debug|Mixed Platforms
		Debug|x86 = Debug|x86
		Release|Any CPU = Release|Any CPU
		Release|Mixed Platforms = Release|Mixed Platforms
		Release|x86 = Release|x86
	EndGlobalSection
	GlobalSection(ProjectConfigurationPlatforms) = postSolution
		{676A4386-3EF4-49CD-92D8-A2D16A72D424}.Debug|Any CPU.ActiveCfg = Debug|x86
		{676A4386-3EF4-49CD-92D8-A2D16A72D424}.Debug|Mixed Platforms.ActiveCfg = Debug|x86
		{676A4386-3EF4-49CD-92D8-A2D16A72D424}.Debug|Mixed Platforms.Build.0 = Debug|x86
		{676A4386-3EF4-49CD-92D8-A2D16A72D424}.Debug|x86.ActiveCfg = Debug|x86
		{676A4386-3EF4-49CD-92D8-A2D16A72D424}.Debug|x86.Build.0 = Debug|x86
		{676A4386-3EF4-49CD-92D8-A2D16A72D424}.Release|Any CPU.ActiveCfg = Release|x86
		{676A4386-3EF4-49CD-92D8-A2D16A72D424}.Release|Mixed Platforms.ActiveCfg = Release|x86
		{676A4386-3EF4-49CD-92D8-A2D16A72D424}.Release|Mixed Platforms.Build.0 = Release|x86
		{676A4386-3EF4-49CD-92D8-A2D16A72D424}.Release|x86.ActiveCfg = Release|x86
		{676A4386-3EF4-49CD-92D8-A2D16A72D424}.Release|x86.Build.0 = Release|x86
		{B0D462DB-59CF-4B01-A693-193F55030448}.Debug|Any CPU.ActiveCfg = Debug|Any CPU
		{B0D462DB-59CF-4B01-A693-193F55030448}.Debug|Any CPU.Build.0 = Debug|Any CPU
		{B0D462DB-59CF-4B01-A693-193F55030448}.Debug|Mixed Platforms.ActiveCfg = Debug|Any CPU
		{B0D462DB-59CF-4B01-A693-193F55030448}.Debug|Mixed Platforms.Build.0 = Debug|Any CPU
		{B0D462DB-59CF-4B01-A693-193F55030448}.Debug|x86.ActiveCfg = Debug|Any CPU
		{B0D462DB-59CF-4B01-A693-193F55030448}.Release|Any CPU.ActiveCfg = Release|Any CPU
		{B0D462DB-59CF-4B01-A693-193F55030448}.Release|Any CPU.Build.0 = Release|Any CPU
		{B0D462DB-59CF-4B01-A693-193F55030448}.Release|Mixed Platforms.ActiveCfg = Release|Any CPU
		{B0D462DB-59CF-4B01-A693-193F55030448}.Release|Mixed Platforms.Build.0 = Release|Any CPU
		{B0D462DB-59CF-4B01-A693-193F55030448}.Release|x86.ActiveCfg = Release|Any CPU
		{FED0C759-F1B5-4945-9BBB-2D2D821E8C4B}.Debug|Any CPU.ActiveCfg = Debug|Any CPU
		{FED0C759-F1B5-4945-9BBB-2D2D821E8C4B}.Debug|Any CPU.Build.0 = Debug|Any CPU
		{FED0C759-F1B5-4945-9BBB-2D2D821E8C4B}.Debug|Mixed Platforms.ActiveCfg = Debug|Any CPU
		{FED0C759-F1B5-4945-9BBB-2D2D821E8C4B}.Debug|Mixed Platforms.Build.0 = Debug|Any CPU
		{FED0C759-F1B5-4945-9BBB-2D2D821E8C4B}.Debug|x86.ActiveCfg = Debug|Any CPU
		{FED0C759-F1B5-4945-9BBB-2D2D821E8C4B}.Release|Any CPU.ActiveCfg = Release|Any CPU
		{FED0C759-F1B5-4945-9BBB-2D2D821E8C4B}.Release|Any CPU.Build.0 = Release|Any CPU
		{FED0C759-F1B5-4945-9BBB-2D2D821E8C4B}.Release|Mixed Platforms.ActiveCfg = Release|Any CPU
		{FED0C759-F1B5-4945-9BBB-2D2D821E8C4B}.Release|Mixed Platforms.Build.0 = Release|Any CPU
		{FED0C759-F1B5-4945-9BBB-2D2D821E8C4B}.Release|x86.ActiveCfg = Release|Any CPU
		{4E416AB4-64DF-4380-A2D6-F9C6D1420D5E}.Debug|Any CPU.ActiveCfg = Debug|Any CPU
		{4E416AB4-64DF-4380-A2D6-F9C6D1420D5E}.Debug|Any CPU.Build.0 = Debug|Any CPU
		{4E416AB4-64DF-4380-A2D6-F9C6D1420D5E}.Debug|Mixed Platforms.ActiveCfg = Debug|Any CPU
		{4E416AB4-64DF-4380-A2D6-F9C6D1420D5E}.Debug|Mixed Platforms.Build.0 = Debug|Any CPU
		{4E416AB4-64DF-4380-A2D6-F9C6D1420D5E}.Debug|x86.ActiveCfg = Debug|Any CPU
		{4E416AB4-64DF-4380-A2D6-F9C6D1420D5E}.Release|Any CPU.ActiveCfg = Release|Any CPU
		{4E416AB4-64DF-4380-A2D6-F9C6D1420D5E}.Release|Any CPU.Build.0 = Release|Any CPU
		{4E416AB4-64DF-4380-A2D6-F9C6D1420D5E}.Release|Mixed Platforms.ActiveCfg = Release|Any CPU
		{4E416AB4-64DF-4380-A2D6-F9C6D1420D5E}.Release|Mixed Platforms.Build.0 = Release|Any CPU
		{4E416AB4-64DF-4380-A2D6-F9C6D1420D5E}.Release|x86.ActiveCfg = Release|Any CPU
		{CB8F5BA9-28AE-4584-8320-040677A1570E}.Debug|Any CPU.ActiveCfg = Debug|Any CPU
		{CB8F5BA9-28AE-4584-8320-040677A1570E}.Debug|Any CPU.Build.0 = Debug|Any CPU
		{CB8F5BA9-28AE-4584-8320-040677A1570E}.Debug|Mixed Platforms.ActiveCfg = Debug|Any CPU
		{CB8F5BA9-28AE-4584-8320-040677A1570E}.Debug|Mixed Platforms.Build.0 = Debug|Any CPU
		{CB8F5BA9-28AE-4584-8320-040677A1570E}.Debug|x86.ActiveCfg = Debug|Any CPU
		{CB8F5BA9-28AE-4584-8320-040677A1570E}.Release|Any CPU.ActiveCfg = Release|Any CPU
		{CB8F5BA9-28AE-4584-8320-040677A1570E}.Release|Any CPU.Build.0 = Release|Any CPU
		{CB8F5BA9-28AE-4584-8320-040677A1570E}.Release|Mixed Platforms.ActiveCfg = Release|Any CPU
		{CB8F5BA9-28AE-4584-8320-040677A1570E}.Release|Mixed Platforms.Build.0 = Release|Any CPU
		{CB8F5BA9-28AE-4584-8320-040677A1570E}.Release|x86.ActiveCfg = Release|Any CPU
		{D5758ADE-8947-47B5-AE06-3E11DAEBAD06}.Debug|Any CPU.ActiveCfg = Debug|Any CPU
		{D5758ADE-8947-47B5-AE06-3E11DAEBAD06}.Debug|Any CPU.Build.0 = Debug|Any CPU
		{D5758ADE-8947-47B5-AE06-3E11DAEBAD06}.Debug|Mixed Platforms.ActiveCfg = Debug|Any CPU
		{D5758ADE-8947-47B5-AE06-3E11DAEBAD06}.Debug|Mixed Platforms.Build.0 = Debug|Any CPU
		{D5758ADE-8947-47B5-AE06-3E11DAEBAD06}.Debug|x86.ActiveCfg = Debug|Any CPU
		{D5758ADE-8947-47B5-AE06-3E11DAEBAD06}.Release|Any CPU.ActiveCfg = Release|Any CPU
		{D5758ADE-8947-47B5-AE06-3E11DAEBAD06}.Release|Any CPU.Build.0 = Release|Any CPU
		{D5758ADE-8947-47B5-AE06-3E11DAEBAD06}.Release|Mixed Platforms.ActiveCfg = Release|Any CPU
		{D5758ADE-8947-47B5-AE06-3E11DAEBAD06}.Release|Mixed Platforms.Build.0 = Release|Any CPU
		{D5758ADE-8947-47B5-AE06-3E11DAEBAD06}.Release|x86.ActiveCfg = Release|Any CPU
		{69000332-E6FE-4B16-A21F-465365AB9661}.Debug|Any CPU.ActiveCfg = Debug|Any CPU
		{69000332-E6FE-4B16-A21F-465365AB9661}.Debug|Any CPU.Build.0 = Debug|Any CPU
		{69000332-E6FE-4B16-A21F-465365AB9661}.Debug|Mixed Platforms.ActiveCfg = Debug|Any CPU
		{69000332-E6FE-4B16-A21F-465365AB9661}.Debug|Mixed Platforms.Build.0 = Debug|Any CPU
		{69000332-E6FE-4B16-A21F-465365AB9661}.Debug|x86.ActiveCfg = Debug|Any CPU
		{69000332-E6FE-4B16-A21F-465365AB9661}.Debug|x86.Build.0 = Debug|Any CPU
		{69000332-E6FE-4B16-A21F-465365AB9661}.Release|Any CPU.ActiveCfg = Release|Any CPU
		{69000332-E6FE-4B16-A21F-465365AB9661}.Release|Any CPU.Build.0 = Release|Any CPU
		{69000332-E6FE-4B16-A21F-465365AB9661}.Release|Mixed Platforms.ActiveCfg = Release|Any CPU
		{69000332-E6FE-4B16-A21F-465365AB9661}.Release|Mixed Platforms.Build.0 = Release|Any CPU
		{69000332-E6FE-4B16-A21F-465365AB9661}.Release|x86.ActiveCfg = Release|Any CPU
		{69000332-E6FE-4B16-A21F-465365AB9661}.Release|x86.Build.0 = Release|Any CPU
	EndGlobalSection
	GlobalSection(SolutionProperties) = preSolution
		HideSolutionNode = FALSE
	EndGlobalSection
EndGlobal
